# THIS IS AN AUTOGENERATED FILE. DO NOT EDIT THIS FILE DIRECTLY.
# yarn lockfile v1


"@prisma/client-runtime-utils@7.7.0":
  version "7.7.0"
  resolved "https://registry.yarnpkg.com/@prisma/client-runtime-utils/-/client-runtime-utils-7.7.0.tgz#7d45c5754358e9d4d006a137818ebdb5f0c4dcb6"
  integrity sha512-BLyd0UpFYOtyJFTHm7jS9vesHW7P83abibodQMiIofqjBKzDHQ1VAsQkdfvXyYDkPlONPfOTz7/rv3x/+CQqvQ==

"@prisma/client@^7.7.0":
  version "7.7.0"
  resolved "https://registry.yarnpkg.com/@prisma/client/-/client-7.7.0.tgz#68110e87288c4fdb5b3b928d4cff589b0ac6c33b"
  integrity sha512-5Ar4OsZpJ54s21sy5oDNNW9gQtd4NuxCaiM7+JDTOU07D6VvlpLjYzAVCMB1+JzokN+08dAVomlx+b7bhJd3ww==
  dependencies:
    "@prisma/client-runtime-utils" "7.7.0"
